
Microsoft Visual Studio Solution File, Format Version 12.00
# Visual Studio Version 16
VisualStudioVersion = 16.0.30413.136
MinimumVisualStudioVersion = 10.0.40219.1
Project("{9A19103F-16F7-4668-BE54-9A1E7A4F7556}") = "Istip.Blog.API", "Istip.Blog.API\Istip.Blog.API.csproj", "{62BFE65C-27EF-4A17-809E-6583377166B9}"
EndProject
Global
	GlobalSection(SolutionConfigurationPlatforms) = preSolution
		Debug|Any CPU = Debug|Any CPU
		Debug|x64 = Debug|x64
		Release|Any CPU = Release|Any CPU
		Release|x64 = Release|x64
	EndGlobalSection
	GlobalSection(ProjectConfigurationPlatforms) = postSolution
		{62BFE65C-27EF-4A17-809E-6583377166B9}.Debug|Any CPU.ActiveCfg = Debug|Any CPU
		{62BFE65C-27EF-4A17-809E-6583377166B9}.Debug|Any CPU.Build.0 = Debug|Any CPU
		{62BFE65C-27EF-4A17-809E-6583377166B9}.Debug|x64.ActiveCfg = Debug|x64
		{62BFE65C-27EF-4A17-809E-6583377166B9}.Debug|x64.Build.0 = Debug|x64
		{62BFE65C-27EF-4A17-809E-6583377166B9}.Release|Any CPU.ActiveCfg = Release|Any CPU
		{62BFE65C-27EF-4A17-809E-6583377166B9}.Release|Any CPU.Build.0 = Release|Any CPU
		{62BFE65C-27EF-4A17-809E-6583377166B9}.Release|x64.ActiveCfg = Release|x64
		{62BFE65C-27EF-4A17-809E-6583377166B9}.Release|x64.Build.0 = Release|x64
	EndGlobalSection
	GlobalSection(SolutionProperties) = preSolution
		HideSolutionNode = FALSE
	EndGlobalSection
	GlobalSection(ExtensibilityGlobals) = postSolution
		SolutionGuid = {A4CC2162-0F37-4A7C-8C0D-2B23E654F620}
	EndGlobalSection
EndGlobal
